// !$*UTF8*$!
{
	archiveVersion = 1;
	classes = {
	};
	objectVersion = 50;
	objects = {

/* Begin PBXBuildFile section */
		862D524C2675EDED009A55AE /* memorygameApp.swift in Sources */ = {isa = PBXBuildFile; fileRef = 862D524B2675EDED009A55AE /* memorygameApp.swift */; };
		862D524E2675EDED009A55AE /* EmojiMemoryGameView.swift in Sources */ = {isa = PBXBuildFile; fileRef = 862D524D2675EDED009A55AE /* EmojiMemoryGameView.swift */; };
		862D52502675EDEE009A55AE /* Assets.xcassets in Resources */ = {isa = PBXBuildFile; fileRef = 862D524F2675EDEE009A55AE /* Assets.xcassets */; };
		862D52532675EDEE009A55AE /* Preview Assets.xcassets in Resources */ = {isa = PBXBuildFile; fileRef = 862D52522675EDEE009A55AE /* Preview Assets.xcassets */; };
		862D525C2675EE88009A55AE /* GridLayout.swift in Sources */ = {isa = PBXBuildFile; fileRef = 862D525B2675EE88009A55AE /* GridLayout.swift */; };
		862D525F2675EEC2009A55AE /* Grid.swift in Sources */ = {isa = PBXBuildFile; fileRef = 862D525E2675EEC2009A55AE /* Grid.swift */; };
		862D52622675F00B009A55AE /* Array+Identifiable.swift in Sources */ = {isa = PBXBuildFile; fileRef = 862D52612675F00B009A55AE /* Array+Identifiable.swift */; };
		862D52652675F1E4009A55AE /* Array+Only.swift in Sources */ = {isa = PBXBuildFile; fileRef = 862D52642675F1E4009A55AE /* Array+Only.swift */; };
		862D52682675F24C009A55AE /* Pie.swift in Sources */ = {isa = PBXBuildFile; fileRef = 862D52672675F24C009A55AE /* Pie.swift */; };
		862D526B2675F4A3009A55AE /* Cardify.swift in Sources */ = {isa = PBXBuildFile; fileRef = 862D526A2675F4A3009A55AE /* Cardify.swift */; };
		862D526E2675F8F4009A55AE /* MemoryGame.swift in Sources */ = {isa = PBXBuildFile; fileRef = 862D526D2675F8F4009A55AE /* MemoryGame.swift */; };
		862D52712675FB7E009A55AE /* EmojiMemoryGame.swift in Sources */ = {isa = PBXBuildFile; fileRef = 862D52702675FB7E009A55AE /* EmojiMemoryGame.swift */; };
/* End PBXBuildFile section */

/* Begin PBXFileReference section */
		862D52482675EDED009A55AE /* memorygame.app */ = {isa = PBXFileReference; explicitFileType = wrapper.application; includeInIndex = 0; path = memorygame.app; sourceTree = BUILT_PRODUCTS_DIR; };
		862D524B2675EDED009A55AE /* memorygameApp.swift */ = {isa = PBXFileReference; lastKnownFileType = sourcecode.swift; path = memorygameApp.swift; sourceTree = "<group>"; };
		862D524D2675EDED009A55AE /* EmojiMemoryGameView.swift */ = {isa = PBXFileReference; lastKnownFileType = sourcecode.swift; path = EmojiMemoryGameView.swift; sourceTree = "<group>"; };
		862D524F2675EDEE009A55AE /* Assets.xcassets */ = {isa = PBXFileReference; lastKnownFileType = folder.assetcatalog; path = Assets.xcassets; sourceTree = "<group>"; };
		862D52522675EDEE009A55AE /* Preview Assets.xcassets */ = {isa = PBXFileReference; lastKnownFileType = folder.assetcatalog; path = "Preview Assets.xcassets"; sourceTree = "<group>"; };
		862D52542675EDEE009A55AE /* Info.plist */ = {isa = PBXFileReference; lastKnownFileType = text.plist.xml; path = Info.plist; sourceTree = "<group>"; };
		862D525B2675EE88009A55AE /* GridLayout.swift */ = {isa = PBXFileReference; lastKnownFileType = sourcecode.swift; path = GridLayout.swift; sourceTree = "<group>"; };
		862D525E2675EEC2009A55AE /* Grid.swift */ = {isa = PBXFileReference; lastKnownFileType = sourcecode.swift; path = Grid.swift; sourceTree = "<group>"; };
		862D52612675F00B009A55AE /* Array+Identifiable.swift */ = {isa = PBXFileReference; lastKnownFileType = sourcecode.swift; path = "Array+Identifiable.swift"; sourceTree = "<group>"; };
		862D52642675F1E4009A55AE /* Array+Only.swift */ = {isa = PBXFileReference; lastKnownFileType = sourcecode.swift; path = "Array+Only.swift"; sourceTree = "<group>"; };
		862D52672675F24C009A55AE /* Pie.swift */ = {isa = PBXFileReference; lastKnownFileType = sourcecode.swift; path = Pie.swift; sourceTree = "<group>"; };
		862D526A2675F4A3009A55AE /* Cardify.swift */ = {isa = PBXFileReference; lastKnownFileType = sourcecode.swift; path = Cardify.swift; sourceTree = "<group>"; };
		862D526D2675F8F4009A55AE /* MemoryGame.swift */ = {isa = PBXFileReference; lastKnownFileType = sourcecode.swift; path = MemoryGame.swift; sourceTree = "<group>"; };
		862D52702675FB7E009A55AE /* EmojiMemoryGame.swift */ = {isa = PBXFileReference; lastKnownFileType = sourcecode.swift; path = EmojiMemoryGame.swift; sourceTree = "<group>"; };
/* End PBXFileReference section */

/* Begin PBXFrameworksBuildPhase section */
		862D52452675EDED009A55AE /* Frameworks */ = {
			isa = PBXFrameworksBuildPhase;
			buildActionMask = 2147483647;
			files = (
			);
			runOnlyForDeploymentPostprocessing = 0;
		};
/* End PBXFrameworksBuildPhase section */

/* Begin PBXGroup section */
		862D523F2675EDED009A55AE = {
			isa = PBXGroup;
			children = (
				862D524A2675EDED009A55AE /* memorygame */,
				862D52492675EDED009A55AE /* Products */,
			);
			sourceTree = "<group>";
		};
		862D52492675EDED009A55AE /* Products */ = {
			isa = PBXGroup;
			children = (
				862D52482675EDED009A55AE /* memorygame.app */,
			);
			name = Products;
			sourceTree = "<group>";
		};
		862D524A2675EDED009A55AE /* memorygame */ = {
			isa = PBXGroup;
			children = (
				862D524B2675EDED009A55AE /* memorygameApp.swift */,
				862D524D2675EDED009A55AE /* EmojiMemoryGameView.swift */,
				862D524F2675EDEE009A55AE /* Assets.xcassets */,
				862D52542675EDEE009A55AE /* Info.plist */,
				862D52512675EDEE009A55AE /* Preview Content */,
				862D525B2675EE88009A55AE /* GridLayout.swift */,
				862D525E2675EEC2009A55AE /* Grid.swift */,
				862D52612675F00B009A55AE /* Array+Identifiable.swift */,
				862D52642675F1E4009A55AE /* Array+Only.swift */,
				862D52672675F24C009A55AE /* Pie.swift */,
				862D526A2675F4A3009A55AE /* Cardify.swift */,
				862D526D2675F8F4009A55AE /* MemoryGame.swift */,
				862D52702675FB7E009A55AE /* EmojiMemoryGame.swift */,
			);
			path = memorygame;
			sourceTree = "<group>";
		};
		862D52512675EDEE009A55AE /* Preview Content */ = {
			isa = PBXGroup;
			children = (
				862D52522675EDEE009A55AE /* Preview Assets.xcassets */,
			);
			path = "Preview Content";
			sourceTree = "<group>";
		};
/* End PBXGroup section */

/* Begin PBXNativeTarget section */
		862D52472675EDED009A55AE /* memorygame */ = {
			isa = PBXNativeTarget;
			buildConfigurationList = 862D52572675EDEE009A55AE /* Build configuration list for PBXNativeTarget "memorygame" */;
			buildPhases = (
				862D52442675EDED009A55AE /* Sources */,
				862D52452675EDED009A55AE /* Frameworks */,
				862D52462675EDED009A55AE /* Resources */,
			);
			buildRules = (
			);
			dependencies = (
			);
			name = memorygame;
			productName = memorygame;
			productReference = 862D52482675EDED009A55AE /* memorygame.app */;
			productType = "com.apple.product-type.application";
		};
/* End PBXNativeTarget section */

/* Begin PBXProject section */
		862D52402675EDED009A55AE /* Project object */ = {
			isa = PBXProject;
			attributes = {
				LastSwiftUpdateCheck = 1240;
				LastUpgradeCheck = 1240;
				TargetAttributes = {
					862D52472675EDED009A55AE = {
						CreatedOnToolsVersion = 12.4;
					};
				};
			};
			buildConfigurationList = 862D52432675EDED009A55AE /* Build configuration list for PBXProject "memorygame" */;
			compatibilityVersion = "Xcode 9.3";
			developmentRegion = en;
			hasScannedForEncodings = 0;
			knownRegions = (
				en,
				Base,
			);
			mainGroup = 862D523F2675EDED009A55AE;
			productRefGroup = 862D52492675EDED009A55AE /* Products */;
			projectDirPath = "";
			projectRoot = "";
			targets = (
				862D52472675EDED009A55AE /* memorygame */,
			);
		};
/* End PBXProject section */

/* Begin PBXResourcesBuildPhase section */
		862D52462675EDED009A55AE /* Resources */ = {
			isa = PBXResourcesBuildPhase;
			buildActionMask = 2147483647;
			files = (
				862D52532675EDEE009A55AE /* Preview Assets.xcassets in Resources */,
				862D52502675EDEE009A55AE /* Assets.xcassets in Resources */,
			);
			runOnlyForDeploymentPostprocessing = 0;
		};
/* End PBXResourcesBuildPhase section */

/* Begin PBXSourcesBuildPhase section */
		862D52442675EDED009A55AE /* Sources */ = {
			isa = PBXSourcesBuildPhase;
			buildActionMask = 2147483647;
			files = (
				862D526E2675F8F4009A55AE /* MemoryGame.swift in Sources */,
				862D52622675F00B009A55AE /* Array+Identifiable.swift in Sources */,
				862D525C2675EE88009A55AE /* GridLayout.swift in Sources */,
				862D526B2675F4A3009A55AE /* Cardify.swift in Sources */,
				862D524E2675EDED009A55AE /* EmojiMemoryGameView.swift in Sources */,
				862D52652675F1E4009A55AE /* Array+Only.swift in Sources */,
				862D52682675F24C009A55AE /* Pie.swift in Sources */,
				862D524C2675EDED009A55AE /* memorygameApp.swift in Sources */,
				862D525F2675EEC2009A55AE /* Grid.swift in Sources */,
				862D52712675FB7E009A55AE /* EmojiMemoryGame.swift in Sources */,
			);
			runOnlyForDeploymentPostprocessing = 0;
		};
/* End PBXSourcesBuildPhase section */

/* Begin XCBuildConfiguration section */
		862D52552675EDEE009A55AE /* Debug */ = {
			isa = XCBuildConfiguration;
			buildSettings = {
				ALWAYS_SEARCH_USER_PATHS = NO;
				CLANG_ANALYZER_NONNULL = YES;
				CLANG_ANALYZER_NUMBER_OBJECT_CONVERSION = YES_AGGRESSIVE;
				CLANG_CXX_LANGUAGE_STANDARD = "gnu++14";
				CLANG_CXX_LIBRARY = "libc++";
				CLANG_ENABLE_MODULES = YES;
				CLANG_ENABLE_OBJC_ARC = YES;
				CLANG_ENABLE_OBJC_WEAK = YES;
				CLANG_WARN_BLOCK_CAPTURE_AUTORELEASING = YES;
				CLANG_WARN_BOOL_CONVERSION = YES;
				CLANG_WARN_COMMA = YES;
				CLANG_WARN_CONSTANT_CONVERSION = YES;
				CLANG_WARN_DEPRECATED_OBJC_IMPLEMENTATIONS = YES;
				CLANG_WARN_DIRECT_OBJC_ISA_USAGE = YES_ERROR;
				CLANG_WARN_DOCUMENTATION_COMMENTS = YES;
				CLANG_WARN_EMPTY_BODY = YES;
				CLANG_WARN_ENUM_CONVERSION = YES;
				CLANG_WARN_INFINITE_RECURSION = YES;
				CLANG_WARN_INT_CONVERSION = YES;
				CLANG_WARN_NON_LITERAL_NULL_CONVERSION = YES;
				CLANG_WARN_OBJC_IMPLICIT_RETAIN_SELF = YES;
				CLANG_WARN_OBJC_LITERAL_CONVERSION = YES;
				CLANG_WARN_OBJC_ROOT_CLASS = YES_ERROR;
				CLANG_WARN_QUOTED_INCLUDE_IN_FRAMEWORK_HEADER = YES;
				CLANG_WARN_RANGE_LOOP_ANALYSIS = YES;
				CLANG_WARN_STRICT_PROTOTYPES = YES;
				CLANG_WARN_SUSPICIOUS_MOVE = YES;
				CLANG_WARN_UNGUARDED_AVAILABILITY = YES_AGGRESSIVE;
				CLANG_WARN_UNREACHABLE_CODE = YES;
				CLANG_WARN__DUPLICATE_METHOD_MATCH = YES;
				COPY_PHASE_STRIP = NO;
				DEBUG_INFORMATION_FORMAT = dwarf;
				ENABLE_STRICT_OBJC_MSGSEND = YES;
				ENABLE_TESTABILITY = YES;
				GCC_C_LANGUAGE_STANDARD = gnu11;
				GCC_DYNAMIC_NO_PIC = NO;
				GCC_NO_COMMON_BLOCKS = YES;
				GCC_OPTIMIZATION_LEVEL = 0;
				GCC_PREPROCESSOR_DEFINITIONS = (
					"DEBUG=1",
					"$(inherited)",
				);
				GCC_WARN_64_TO_32_BIT_CONVERSION = YES;
				GCC_WARN_ABOUT_RETURN_TYPE = YES_ERROR;
				GCC_WARN_UNDECLARED_SELECTOR = YES;
				GCC_WARN_UNINITIALIZED_AUTOS = YES_AGGRESSIVE;
				GCC_WARN_UNUSED_FUNCTION = YES;
				GCC_WARN_UNUSED_VARIABLE = YES;
				IPHONEOS_DEPLOYMENT_TARGET = 14.4;
				MTL_ENABLE_DEBUG_INFO = INCLUDE_SOURCE;
				MTL_FAST_MATH = YES;
				ONLY_ACTIVE_ARCH = YES;
				SDKROOT = iphoneos;
				SWIFT_ACTIVE_COMPILATION_CONDITIONS = DEBUG;
				SWIFT_OPTIMIZATION_LEVEL = "-Onone";
			};
			name = Debug;
		};
		862D52562675EDEE009A55AE /* Release */ = {
			isa = XCBuildConfiguration;
			buildSettings = {
				ALWAYS_SEARCH_USER_PATHS = NO;
				CLANG_ANALYZER_NONNULL = YES;
				CLANG_ANALYZER_NUMBER_OBJECT_CONVERSION = YES_AGGRESSIVE;
				CLANG_CXX_LANGUAGE_STANDARD = "gnu++14";
				CLANG_CXX_LIBRARY = "libc++";
				CLANG_ENABLE_MODULES = YES;
				CLANG_ENABLE_OBJC_ARC = YES;
				CLANG_ENABLE_OBJC_WEAK = YES;
				CLANG_WARN_BLOCK_CAPTURE_AUTORELEASING = YES;
				CLANG_WARN_BOOL_CONVERSION = YES;
				CLANG_WARN_COMMA = YES;
				CLANG_WARN_CONSTANT_CONVERSION = YES;
				CLANG_WARN_DEPRECATED_OBJC_IMPLEMENTATIONS = YES;
				CLANG_WARN_DIRECT_OBJC_ISA_USAGE = YES_ERROR;
				CLANG_WARN_DOCUMENTATION_COMMENTS = YES;
				CLANG_WARN_EMPTY_BODY = YES;
				CLANG_WARN_ENUM_CONVERSION = YES;
				CLANG_WARN_INFINITE_RECURSION = YES;
				CLANG_WARN_INT_CONVERSION = YES;
				CLANG_WARN_NON_LITERAL_NULL_CONVERSION = YES;
				CLANG_WARN_OBJC_IMPLICIT_RETAIN_SELF = YES;
				CLANG_WARN_OBJC_LITERAL_CONVERSION = YES;
				CLANG_WARN_OBJC_ROOT_CLASS = YES_ERROR;
				CLANG_WARN_QUOTED_INCLUDE_IN_FRAMEWORK_HEADER = YES;
				CLANG_WARN_RANGE_LOOP_ANALYSIS = YES;
				CLANG_WARN_STRICT_PROTOTYPES = YES;
				CLANG_WARN_SUSPICIOUS_MOVE = YES;
				CLANG_WARN_UNGUARDED_AVAILABILITY = YES_AGGRESSIVE;
				CLANG_WARN_UNREACHABLE_CODE = YES;
				CLANG_WARN__DUPLICATE_METHOD_MATCH = YES;
				COPY_PHASE_STRIP = NO;
				DEBUG_INFORMATION_FORMAT = "dwarf-with-dsym";
				ENABLE_NS_ASSERTIONS = NO;
				ENABLE_STRICT_OBJC_MSGSEND = YES;
				GCC_C_LANGUAGE_STANDARD = gnu11;
				GCC_NO_COMMON_BLOCKS = YES;
				GCC_WARN_64_TO_32_BIT_CONVERSION = YES;
				GCC_WARN_ABOUT_RETURN_TYPE = YES_ERROR;
				GCC_WARN_UNDECLARED_SELECTOR = YES;
				GCC_WARN_UNINITIALIZED_AUTOS = YES_AGGRESSIVE;
				GCC_WARN_UNUSED_FUNCTION = YES;
				GCC_WARN_UNUSED_VARIABLE = YES;
				IPHONEOS_DEPLOYMENT_TARGET = 14.4;
				MTL_ENABLE_DEBUG_INFO = NO;
				MTL_FAST_MATH = YES;
				SDKROOT = iphoneos;
				SWIFT_COMPILATION_MODE = wholemodule;
				SWIFT_OPTIMIZATION_LEVEL = "-O";
				VALIDATE_PRODUCT = YES;
			};
			name = Release;
		};
		862D52582675EDEE009A55AE /* Debug */ = {
			isa = XCBuildConfiguration;
			buildSettings = {
				ASSETCATALOG_COMPILER_APPICON_NAME = AppIcon;
				ASSETCATALOG_COMPILER_GLOBAL_ACCENT_COLOR_NAME = AccentColor;
				CODE_SIGN_STYLE = Automatic;
				DEVELOPMENT_ASSET_PATHS = "\"memorygame/Preview Content\"";
				DEVELOPMENT_TEAM = VV3YZH2832;
				ENABLE_PREVIEWS = YES;
				INFOPLIST_FILE = memorygame/Info.plist;
				IPHONEOS_DEPLOYMENT_TARGET = 14.0;
				LD_RUNPATH_SEARCH_PATHS = (
					"$(inherited)",
					"@executable_path/Frameworks",
				);
				PRODUCT_BUNDLE_IDENTIFIER = com.freshield.test.memorygame;
				PRODUCT_NAME = "$(TARGET_NAME)";
				SWIFT_VERSION = 5.0;
				TARGETED_DEVICE_FAMILY = "1,2";
			};
			name = Debug;
		};
		862D52592675EDEE009A55AE /* Release */ = {
			isa = XCBuildConfiguration;
			buildSettings = {
				ASSETCATALOG_COMPILER_APPICON_NAME = AppIcon;
				ASSETCATALOG_COMPILER_GLOBAL_ACCENT_COLOR_NAME = AccentColor;
				CODE_SIGN_STYLE = Automatic;
				DEVELOPMENT_ASSET_PATHS = "\"memorygame/Preview Content\"";
				DEVELOPMENT_TEAM = VV3YZH2832;
				ENABLE_PREVIEWS = YES;
				INFOPLIST_FILE = memorygame/Info.plist;
				IPHONEOS_DEPLOYMENT_TARGET = 14.0;
				LD_RUNPATH_SEARCH_PATHS = (
					"$(inherited)",
					"@executable_path/Frameworks",
				);
				PRODUCT_BUNDLE_IDENTIFIER = com.freshield.test.memorygame;
				PRODUCT_NAME = "$(TARGET_NAME)";
				SWIFT_VERSION = 5.0;
				TARGETED_DEVICE_FAMILY = "1,2";
			};
			name = Release;
		};
/* End XCBuildConfiguration section */

/* Begin XCConfigurationList section */
		862D52432675EDED009A55AE /* Build configuration list for PBXProject "memorygame" */ = {
			isa = XCConfigurationList;
			buildConfigurations = (
				862D52552675EDEE009A55AE /* Debug */,
				862D52562675EDEE009A55AE /* Release */,
			);
			defaultConfigurationIsVisible = 0;
			defaultConfigurationName = Release;
		};
		862D52572675EDEE009A55AE /* Build configuration list for PBXNativeTarget "memorygame" */ = {
			isa = XCConfigurationList;
			buildConfigurations = (
				862D52582675EDEE009A55AE /* Debug */,
				862D52592675EDEE009A55AE /* Release */,
			);
			defaultConfigurationIsVisible = 0;
			defaultConfigurationName = Release;
		};
/* End XCConfigurationList section */
	};
	rootObject = 862D52402675EDED009A55AE /* Project object */;
}
