// !$*UTF8*$!
{
	archiveVersion = 1;
	classes = {
	};
	objectVersion = 50;
	objects = {

/* Begin PBXBuildFile section */
		864A89FB2657B3DE004EE3BE /* memoryApp.swift in Sources */ = {isa = PBXBuildFile; fileRef = 864A89FA2657B3DE004EE3BE /* memoryApp.swift */; };
		864A89FD2657B3DE004EE3BE /* EmojiMemoryGameView.swift in Sources */ = {isa = PBXBuildFile; fileRef = 864A89FC2657B3DE004EE3BE /* EmojiMemoryGameView.swift */; };
		864A89FF2657B3DF004EE3BE /* Assets.xcassets in Resources */ = {isa = PBXBuildFile; fileRef = 864A89FE2657B3DF004EE3BE /* Assets.xcassets */; };
		864A8A022657B3DF004EE3BE /* Preview Assets.xcassets in Resources */ = {isa = PBXBuildFile; fileRef = 864A8A012657B3DF004EE3BE /* Preview Assets.xcassets */; };
		864A8A0A2657B50B004EE3BE /* EmojiMemoryGame.swift in Sources */ = {isa = PBXBuildFile; fileRef = 864A8A092657B50B004EE3BE /* EmojiMemoryGame.swift */; };
		864A8A0C2657B54E004EE3BE /* MemoryGame.swift in Sources */ = {isa = PBXBuildFile; fileRef = 864A8A0B2657B54E004EE3BE /* MemoryGame.swift */; };
		868A2E97265A3D5E00CB1C9B /* Array+Identifiable.swift in Sources */ = {isa = PBXBuildFile; fileRef = 868A2E96265A3D5E00CB1C9B /* Array+Identifiable.swift */; };
		868A2E99265A3ED600CB1C9B /* Grid.swift in Sources */ = {isa = PBXBuildFile; fileRef = 868A2E98265A3ED600CB1C9B /* Grid.swift */; };
		868A2E9B265A3F0C00CB1C9B /* GridLayout.swift in Sources */ = {isa = PBXBuildFile; fileRef = 868A2E9A265A3F0C00CB1C9B /* GridLayout.swift */; };
		86E9E0EB265A5DEB0049FFE0 /* Array+Only.swift in Sources */ = {isa = PBXBuildFile; fileRef = 86E9E0EA265A5DEB0049FFE0 /* Array+Only.swift */; };
/* End PBXBuildFile section */

/* Begin PBXFileReference section */
		864A89F72657B3DE004EE3BE /* memory.app */ = {isa = PBXFileReference; explicitFileType = wrapper.application; includeInIndex = 0; path = memory.app; sourceTree = BUILT_PRODUCTS_DIR; };
		864A89FA2657B3DE004EE3BE /* memoryApp.swift */ = {isa = PBXFileReference; lastKnownFileType = sourcecode.swift; path = memoryApp.swift; sourceTree = "<group>"; };
		864A89FC2657B3DE004EE3BE /* EmojiMemoryGameView.swift */ = {isa = PBXFileReference; lastKnownFileType = sourcecode.swift; path = EmojiMemoryGameView.swift; sourceTree = "<group>"; };
		864A89FE2657B3DF004EE3BE /* Assets.xcassets */ = {isa = PBXFileReference; lastKnownFileType = folder.assetcatalog; path = Assets.xcassets; sourceTree = "<group>"; };
		864A8A012657B3DF004EE3BE /* Preview Assets.xcassets */ = {isa = PBXFileReference; lastKnownFileType = folder.assetcatalog; path = "Preview Assets.xcassets"; sourceTree = "<group>"; };
		864A8A032657B3DF004EE3BE /* Info.plist */ = {isa = PBXFileReference; lastKnownFileType = text.plist.xml; path = Info.plist; sourceTree = "<group>"; };
		864A8A092657B50B004EE3BE /* EmojiMemoryGame.swift */ = {isa = PBXFileReference; lastKnownFileType = sourcecode.swift; path = EmojiMemoryGame.swift; sourceTree = "<group>"; };
		864A8A0B2657B54E004EE3BE /* MemoryGame.swift */ = {isa = PBXFileReference; lastKnownFileType = sourcecode.swift; path = MemoryGame.swift; sourceTree = "<group>"; };
		868A2E96265A3D5E00CB1C9B /* Array+Identifiable.swift */ = {isa = PBXFileReference; lastKnownFileType = sourcecode.swift; path = "Array+Identifiable.swift"; sourceTree = "<group>"; };
		868A2E98265A3ED600CB1C9B /* Grid.swift */ = {isa = PBXFileReference; lastKnownFileType = sourcecode.swift; path = Grid.swift; sourceTree = "<group>"; };
		868A2E9A265A3F0C00CB1C9B /* GridLayout.swift */ = {isa = PBXFileReference; fileEncoding = 4; lastKnownFileType = sourcecode.swift; name = GridLayout.swift; path = ../../../assignment_example/Memorize/Memorize/Grid/GridLayout.swift; sourceTree = "<group>"; };
		86E9E0EA265A5DEB0049FFE0 /* Array+Only.swift */ = {isa = PBXFileReference; lastKnownFileType = sourcecode.swift; path = "Array+Only.swift"; sourceTree = "<group>"; };
/* End PBXFileReference section */

/* Begin PBXFrameworksBuildPhase section */
		864A89F42657B3DE004EE3BE /* Frameworks */ = {
			isa = PBXFrameworksBuildPhase;
			buildActionMask = 2147483647;
			files = (
			);
			runOnlyForDeploymentPostprocessing = 0;
		};
/* End PBXFrameworksBuildPhase section */

/* Begin PBXGroup section */
		864A89EE2657B3DE004EE3BE = {
			isa = PBXGroup;
			children = (
				864A89F92657B3DE004EE3BE /* memory */,
				864A89F82657B3DE004EE3BE /* Products */,
			);
			sourceTree = "<group>";
		};
		864A89F82657B3DE004EE3BE /* Products */ = {
			isa = PBXGroup;
			children = (
				864A89F72657B3DE004EE3BE /* memory.app */,
			);
			name = Products;
			sourceTree = "<group>";
		};
		864A89F92657B3DE004EE3BE /* memory */ = {
			isa = PBXGroup;
			children = (
				864A89FA2657B3DE004EE3BE /* memoryApp.swift */,
				86E9E0EA265A5DEB0049FFE0 /* Array+Only.swift */,
				868A2E96265A3D5E00CB1C9B /* Array+Identifiable.swift */,
				864A89FC2657B3DE004EE3BE /* EmojiMemoryGameView.swift */,
				864A8A092657B50B004EE3BE /* EmojiMemoryGame.swift */,
				868A2E9A265A3F0C00CB1C9B /* GridLayout.swift */,
				864A8A0B2657B54E004EE3BE /* MemoryGame.swift */,
				868A2E98265A3ED600CB1C9B /* Grid.swift */,
				864A89FE2657B3DF004EE3BE /* Assets.xcassets */,
				864A8A032657B3DF004EE3BE /* Info.plist */,
				864A8A002657B3DF004EE3BE /* Preview Content */,
			);
			path = memory;
			sourceTree = "<group>";
		};
		864A8A002657B3DF004EE3BE /* Preview Content */ = {
			isa = PBXGroup;
			children = (
				864A8A012657B3DF004EE3BE /* Preview Assets.xcassets */,
			);
			path = "Preview Content";
			sourceTree = "<group>";
		};
/* End PBXGroup section */

/* Begin PBXNativeTarget section */
		864A89F62657B3DE004EE3BE /* memory */ = {
			isa = PBXNativeTarget;
			buildConfigurationList = 864A8A062657B3DF004EE3BE /* Build configuration list for PBXNativeTarget "memory" */;
			buildPhases = (
				864A89F32657B3DE004EE3BE /* Sources */,
				864A89F42657B3DE004EE3BE /* Frameworks */,
				864A89F52657B3DE004EE3BE /* Resources */,
			);
			buildRules = (
			);
			dependencies = (
			);
			name = memory;
			productName = memory;
			productReference = 864A89F72657B3DE004EE3BE /* memory.app */;
			productType = "com.apple.product-type.application";
		};
/* End PBXNativeTarget section */

/* Begin PBXProject section */
		864A89EF2657B3DE004EE3BE /* Project object */ = {
			isa = PBXProject;
			attributes = {
				LastSwiftUpdateCheck = 1250;
				LastUpgradeCheck = 1250;
				TargetAttributes = {
					864A89F62657B3DE004EE3BE = {
						CreatedOnToolsVersion = 12.5;
					};
				};
			};
			buildConfigurationList = 864A89F22657B3DE004EE3BE /* Build configuration list for PBXProject "memory" */;
			compatibilityVersion = "Xcode 9.3";
			developmentRegion = en;
			hasScannedForEncodings = 0;
			knownRegions = (
				en,
				Base,
			);
			mainGroup = 864A89EE2657B3DE004EE3BE;
			productRefGroup = 864A89F82657B3DE004EE3BE /* Products */;
			projectDirPath = "";
			projectRoot = "";
			targets = (
				864A89F62657B3DE004EE3BE /* memory */,
			);
		};
/* End PBXProject section */

/* Begin PBXResourcesBuildPhase section */
		864A89F52657B3DE004EE3BE /* Resources */ = {
			isa = PBXResourcesBuildPhase;
			buildActionMask = 2147483647;
			files = (
				864A8A022657B3DF004EE3BE /* Preview Assets.xcassets in Resources */,
				864A89FF2657B3DF004EE3BE /* Assets.xcassets in Resources */,
			);
			runOnlyForDeploymentPostprocessing = 0;
		};
/* End PBXResourcesBuildPhase section */

/* Begin PBXSourcesBuildPhase section */
		864A89F32657B3DE004EE3BE /* Sources */ = {
			isa = PBXSourcesBuildPhase;
			buildActionMask = 2147483647;
			files = (
				868A2E97265A3D5E00CB1C9B /* Array+Identifiable.swift in Sources */,
				864A89FD2657B3DE004EE3BE /* EmojiMemoryGameView.swift in Sources */,
				864A89FB2657B3DE004EE3BE /* memoryApp.swift in Sources */,
				864A8A0C2657B54E004EE3BE /* MemoryGame.swift in Sources */,
				864A8A0A2657B50B004EE3BE /* EmojiMemoryGame.swift in Sources */,
				868A2E9B265A3F0C00CB1C9B /* GridLayout.swift in Sources */,
				868A2E99265A3ED600CB1C9B /* Grid.swift in Sources */,
				86E9E0EB265A5DEB0049FFE0 /* Array+Only.swift in Sources */,
			);
			runOnlyForDeploymentPostprocessing = 0;
		};
/* End PBXSourcesBuildPhase section */

/* Begin XCBuildConfiguration section */
		864A8A042657B3DF004EE3BE /* Debug */ = {
			isa = XCBuildConfiguration;
			buildSettings = {
				ALWAYS_SEARCH_USER_PATHS = NO;
				CLANG_ANALYZER_NONNULL = YES;
				CLANG_ANALYZER_NUMBER_OBJECT_CONVERSION = YES_AGGRESSIVE;
				CLANG_CXX_LANGUAGE_STANDARD = "gnu++14";
				CLANG_CXX_LIBRARY = "libc++";
				CLANG_ENABLE_MODULES = YES;
				CLANG_ENABLE_OBJC_ARC = YES;
				CLANG_ENABLE_OBJC_WEAK = YES;
				CLANG_WARN_BLOCK_CAPTURE_AUTORELEASING = YES;
				CLANG_WARN_BOOL_CONVERSION = YES;
				CLANG_WARN_COMMA = YES;
				CLANG_WARN_CONSTANT_CONVERSION = YES;
				CLANG_WARN_DEPRECATED_OBJC_IMPLEMENTATIONS = YES;
				CLANG_WARN_DIRECT_OBJC_ISA_USAGE = YES_ERROR;
				CLANG_WARN_DOCUMENTATION_COMMENTS = YES;
				CLANG_WARN_EMPTY_BODY = YES;
				CLANG_WARN_ENUM_CONVERSION = YES;
				CLANG_WARN_INFINITE_RECURSION = YES;
				CLANG_WARN_INT_CONVERSION = YES;
				CLANG_WARN_NON_LITERAL_NULL_CONVERSION = YES;
				CLANG_WARN_OBJC_IMPLICIT_RETAIN_SELF = YES;
				CLANG_WARN_OBJC_LITERAL_CONVERSION = YES;
				CLANG_WARN_OBJC_ROOT_CLASS = YES_ERROR;
				CLANG_WARN_QUOTED_INCLUDE_IN_FRAMEWORK_HEADER = YES;
				CLANG_WARN_RANGE_LOOP_ANALYSIS = YES;
				CLANG_WARN_STRICT_PROTOTYPES = YES;
				CLANG_WARN_SUSPICIOUS_MOVE = YES;
				CLANG_WARN_UNGUARDED_AVAILABILITY = YES_AGGRESSIVE;
				CLANG_WARN_UNREACHABLE_CODE = YES;
				CLANG_WARN__DUPLICATE_METHOD_MATCH = YES;
				COPY_PHASE_STRIP = NO;
				DEBUG_INFORMATION_FORMAT = dwarf;
				ENABLE_STRICT_OBJC_MSGSEND = YES;
				ENABLE_TESTABILITY = YES;
				GCC_C_LANGUAGE_STANDARD = gnu11;
				GCC_DYNAMIC_NO_PIC = NO;
				GCC_NO_COMMON_BLOCKS = YES;
				GCC_OPTIMIZATION_LEVEL = 0;
				GCC_PREPROCESSOR_DEFINITIONS = (
					"DEBUG=1",
					"$(inherited)",
				);
				GCC_WARN_64_TO_32_BIT_CONVERSION = YES;
				GCC_WARN_ABOUT_RETURN_TYPE = YES_ERROR;
				GCC_WARN_UNDECLARED_SELECTOR = YES;
				GCC_WARN_UNINITIALIZED_AUTOS = YES_AGGRESSIVE;
				GCC_WARN_UNUSED_FUNCTION = YES;
				GCC_WARN_UNUSED_VARIABLE = YES;
				IPHONEOS_DEPLOYMENT_TARGET = 14.5;
				MTL_ENABLE_DEBUG_INFO = INCLUDE_SOURCE;
				MTL_FAST_MATH = YES;
				ONLY_ACTIVE_ARCH = YES;
				SDKROOT = iphoneos;
				SWIFT_ACTIVE_COMPILATION_CONDITIONS = DEBUG;
				SWIFT_OPTIMIZATION_LEVEL = "-Onone";
			};
			name = Debug;
		};
		864A8A052657B3DF004EE3BE /* Release */ = {
			isa = XCBuildConfiguration;
			buildSettings = {
				ALWAYS_SEARCH_USER_PATHS = NO;
				CLANG_ANALYZER_NONNULL = YES;
				CLANG_ANALYZER_NUMBER_OBJECT_CONVERSION = YES_AGGRESSIVE;
				CLANG_CXX_LANGUAGE_STANDARD = "gnu++14";
				CLANG_CXX_LIBRARY = "libc++";
				CLANG_ENABLE_MODULES = YES;
				CLANG_ENABLE_OBJC_ARC = YES;
				CLANG_ENABLE_OBJC_WEAK = YES;
				CLANG_WARN_BLOCK_CAPTURE_AUTORELEASING = YES;
				CLANG_WARN_BOOL_CONVERSION = YES;
				CLANG_WARN_COMMA = YES;
				CLANG_WARN_CONSTANT_CONVERSION = YES;
				CLANG_WARN_DEPRECATED_OBJC_IMPLEMENTATIONS = YES;
				CLANG_WARN_DIRECT_OBJC_ISA_USAGE = YES_ERROR;
				CLANG_WARN_DOCUMENTATION_COMMENTS = YES;
				CLANG_WARN_EMPTY_BODY = YES;
				CLANG_WARN_ENUM_CONVERSION = YES;
				CLANG_WARN_INFINITE_RECURSION = YES;
				CLANG_WARN_INT_CONVERSION = YES;
				CLANG_WARN_NON_LITERAL_NULL_CONVERSION = YES;
				CLANG_WARN_OBJC_IMPLICIT_RETAIN_SELF = YES;
				CLANG_WARN_OBJC_LITERAL_CONVERSION = YES;
				CLANG_WARN_OBJC_ROOT_CLASS = YES_ERROR;
				CLANG_WARN_QUOTED_INCLUDE_IN_FRAMEWORK_HEADER = YES;
				CLANG_WARN_RANGE_LOOP_ANALYSIS = YES;
				CLANG_WARN_STRICT_PROTOTYPES = YES;
				CLANG_WARN_SUSPICIOUS_MOVE = YES;
				CLANG_WARN_UNGUARDED_AVAILABILITY = YES_AGGRESSIVE;
				CLANG_WARN_UNREACHABLE_CODE = YES;
				CLANG_WARN__DUPLICATE_METHOD_MATCH = YES;
				COPY_PHASE_STRIP = NO;
				DEBUG_INFORMATION_FORMAT = "dwarf-with-dsym";
				ENABLE_NS_ASSERTIONS = NO;
				ENABLE_STRICT_OBJC_MSGSEND = YES;
				GCC_C_LANGUAGE_STANDARD = gnu11;
				GCC_NO_COMMON_BLOCKS = YES;
				GCC_WARN_64_TO_32_BIT_CONVERSION = YES;
				GCC_WARN_ABOUT_RETURN_TYPE = YES_ERROR;
				GCC_WARN_UNDECLARED_SELECTOR = YES;
				GCC_WARN_UNINITIALIZED_AUTOS = YES_AGGRESSIVE;
				GCC_WARN_UNUSED_FUNCTION = YES;
				GCC_WARN_UNUSED_VARIABLE = YES;
				IPHONEOS_DEPLOYMENT_TARGET = 14.5;
				MTL_ENABLE_DEBUG_INFO = NO;
				MTL_FAST_MATH = YES;
				SDKROOT = iphoneos;
				SWIFT_COMPILATION_MODE = wholemodule;
				SWIFT_OPTIMIZATION_LEVEL = "-O";
				VALIDATE_PRODUCT = YES;
			};
			name = Release;
		};
		864A8A072657B3DF004EE3BE /* Debug */ = {
			isa = XCBuildConfiguration;
			buildSettings = {
				ASSETCATALOG_COMPILER_APPICON_NAME = AppIcon;
				ASSETCATALOG_COMPILER_GLOBAL_ACCENT_COLOR_NAME = AccentColor;
				CODE_SIGN_STYLE = Automatic;
				DEVELOPMENT_ASSET_PATHS = "\"memory/Preview Content\"";
				DEVELOPMENT_TEAM = VV3YZH2832;
				ENABLE_PREVIEWS = YES;
				INFOPLIST_FILE = memory/Info.plist;
				IPHONEOS_DEPLOYMENT_TARGET = 14.0;
				LD_RUNPATH_SEARCH_PATHS = (
					"$(inherited)",
					"@executable_path/Frameworks",
				);
				PRODUCT_BUNDLE_IDENTIFIER = com.freshield.test.memory;
				PRODUCT_NAME = "$(TARGET_NAME)";
				SWIFT_VERSION = 5.0;
				TARGETED_DEVICE_FAMILY = "1,2";
			};
			name = Debug;
		};
		864A8A082657B3DF004EE3BE /* Release */ = {
			isa = XCBuildConfiguration;
			buildSettings = {
				ASSETCATALOG_COMPILER_APPICON_NAME = AppIcon;
				ASSETCATALOG_COMPILER_GLOBAL_ACCENT_COLOR_NAME = AccentColor;
				CODE_SIGN_STYLE = Automatic;
				DEVELOPMENT_ASSET_PATHS = "\"memory/Preview Content\"";
				DEVELOPMENT_TEAM = VV3YZH2832;
				ENABLE_PREVIEWS = YES;
				INFOPLIST_FILE = memory/Info.plist;
				IPHONEOS_DEPLOYMENT_TARGET = 14.0;
				LD_RUNPATH_SEARCH_PATHS = (
					"$(inherited)",
					"@executable_path/Frameworks",
				);
				PRODUCT_BUNDLE_IDENTIFIER = com.freshield.test.memory;
				PRODUCT_NAME = "$(TARGET_NAME)";
				SWIFT_VERSION = 5.0;
				TARGETED_DEVICE_FAMILY = "1,2";
			};
			name = Release;
		};
/* End XCBuildConfiguration section */

/* Begin XCConfigurationList section */
		864A89F22657B3DE004EE3BE /* Build configuration list for PBXProject "memory" */ = {
			isa = XCConfigurationList;
			buildConfigurations = (
				864A8A042657B3DF004EE3BE /* Debug */,
				864A8A052657B3DF004EE3BE /* Release */,
			);
			defaultConfigurationIsVisible = 0;
			defaultConfigurationName = Release;
		};
		864A8A062657B3DF004EE3BE /* Build configuration list for PBXNativeTarget "memory" */ = {
			isa = XCConfigurationList;
			buildConfigurations = (
				864A8A072657B3DF004EE3BE /* Debug */,
				864A8A082657B3DF004EE3BE /* Release */,
			);
			defaultConfigurationIsVisible = 0;
			defaultConfigurationName = Release;
		};
/* End XCConfigurationList section */
	};
	rootObject = 864A89EF2657B3DE004EE3BE /* Project object */;
}
